
Microsoft Visual Studio Solution File, Format Version 12.00
# Visual Studio 2013
VisualStudioVersion = 12.0.40629.0
MinimumVisualStudioVersion = 10.0.40219.1
Project("{6989167D-11E4-40FE-8C1A-2192A86A7E90}") = "allpair_f", "msvs\allpair_f.vfproj", "{27677D1C-EBAD-4A1C-BCCD-48EB8F89CDC7}"
EndProject
Global
	GlobalSection(SolutionConfigurationPlatforms) = preSolution
		Debug|x64 = Debug|x64
		Release|x64 = Release|x64
	EndGlobalSection
	GlobalSection(ProjectConfigurationPlatforms) = postSolution
		{27677D1C-EBAD-4A1C-BCCD-48EB8F89CDC7}.Debug|x64.ActiveCfg = Debug|x64
		{27677D1C-EBAD-4A1C-BCCD-48EB8F89CDC7}.Debug|x64.Build.0 = Debug|x64
		{27677D1C-EBAD-4A1C-BCCD-48EB8F89CDC7}.Release|x64.ActiveCfg = Release|x64
		{27677D1C-EBAD-4A1C-BCCD-48EB8F89CDC7}.Release|x64.Build.0 = Release|x64
	EndGlobalSection
	GlobalSection(SolutionProperties) = preSolution
		HideSolutionNode = FALSE
	EndGlobalSection
EndGlobal
